{
  "name": "FlaskExpenseTracker",
  "lockfileVersion": 3,
  "requires": true,
  "packages": {
    "": {
      "dependencies": {
        "ag-grid-community": "^31.0.3"
      }
    },
    "node_modules/ag-grid-community": {
      "version": "31.0.3",
      "resolved": "https://registry.npmjs.org/ag-grid-community/-/ag-grid-community-31.0.3.tgz",
      "integrity": "sha512-k81YmLaOQOab9BavYD+Pw2smZSl6TXOJqj9hRuf70XQl3EknOHCGcra7joJxZRJLMKE/HdR+u33TNyX4TCuWfg=="
    }
  }
}
